
Microsoft Visual Studio Solution File, Format Version 12.00
# Visual Studio Version 17
VisualStudioVersion = 17.0.31903.59
MinimumVisualStudioVersion = 10.0.40219.1
Project("{FAE04EC0-301F-11D3-BF4B-00C04F79EFBC}") = "Domain", "Domain\Domain.csproj", "{E2C775B3-20B2-4480-97E5-A993F35C505B}"
EndProject
Project("{FAE04EC0-301F-11D3-BF4B-00C04F79EFBC}") = "Application", "Application\Application.csproj", "{5F0418DF-A8F1-4DCB-A522-B2AF66C8209A}"
EndProject
Project("{FAE04EC0-301F-11D3-BF4B-00C04F79EFBC}") = "Infrastructure", "Infrastructure\Infrastructure.csproj", "{A9A769A5-A185-40B9-95ED-76EB6E139EDC}"
EndProject
Project("{FAE04EC0-301F-11D3-BF4B-00C04F79EFBC}") = "Api", "Api\Api.csproj", "{788701C9-0FE6-41BD-9DFE-FC7477EE61CF}"
EndProject
Global
	GlobalSection(SolutionConfigurationPlatforms) = preSolution
		Debug|Any CPU = Debug|Any CPU
		Debug|x64 = Debug|x64
		Debug|x86 = Debug|x86
		Release|Any CPU = Release|Any CPU
		Release|x64 = Release|x64
		Release|x86 = Release|x86
	EndGlobalSection
	GlobalSection(ProjectConfigurationPlatforms) = postSolution
		{E2C775B3-20B2-4480-97E5-A993F35C505B}.Debug|Any CPU.ActiveCfg = Debug|Any CPU
		{E2C775B3-20B2-4480-97E5-A993F35C505B}.Debug|Any CPU.Build.0 = Debug|Any CPU
		{E2C775B3-20B2-4480-97E5-A993F35C505B}.Debug|x64.ActiveCfg = Debug|Any CPU
		{E2C775B3-20B2-4480-97E5-A993F35C505B}.Debug|x64.Build.0 = Debug|Any CPU
		{E2C775B3-20B2-4480-97E5-A993F35C505B}.Debug|x86.ActiveCfg = Debug|Any CPU
		{E2C775B3-20B2-4480-97E5-A993F35C505B}.Debug|x86.Build.0 = Debug|Any CPU
		{E2C775B3-20B2-4480-97E5-A993F35C505B}.Release|Any CPU.ActiveCfg = Release|Any CPU
		{E2C775B3-20B2-4480-97E5-A993F35C505B}.Release|Any CPU.Build.0 = Release|Any CPU
		{E2C775B3-20B2-4480-97E5-A993F35C505B}.Release|x64.ActiveCfg = Release|Any CPU
		{E2C775B3-20B2-4480-97E5-A993F35C505B}.Release|x64.Build.0 = Release|Any CPU
		{E2C775B3-20B2-4480-97E5-A993F35C505B}.Release|x86.ActiveCfg = Release|Any CPU
		{E2C775B3-20B2-4480-97E5-A993F35C505B}.Release|x86.Build.0 = Release|Any CPU
		{5F0418DF-A8F1-4DCB-A522-B2AF66C8209A}.Debug|Any CPU.ActiveCfg = Debug|Any CPU
		{5F0418DF-A8F1-4DCB-A522-B2AF66C8209A}.Debug|Any CPU.Build.0 = Debug|Any CPU
		{5F0418DF-A8F1-4DCB-A522-B2AF66C8209A}.Debug|x64.ActiveCfg = Debug|Any CPU
		{5F0418DF-A8F1-4DCB-A522-B2AF66C8209A}.Debug|x64.Build.0 = Debug|Any CPU
		{5F0418DF-A8F1-4DCB-A522-B2AF66C8209A}.Debug|x86.ActiveCfg = Debug|Any CPU
		{5F0418DF-A8F1-4DCB-A522-B2AF66C8209A}.Debug|x86.Build.0 = Debug|Any CPU
		{5F0418DF-A8F1-4DCB-A522-B2AF66C8209A}.Release|Any CPU.ActiveCfg = Release|Any CPU
		{5F0418DF-A8F1-4DCB-A522-B2AF66C8209A}.Release|Any CPU.Build.0 = Release|Any CPU
		{5F0418DF-A8F1-4DCB-A522-B2AF66C8209A}.Release|x64.ActiveCfg = Release|Any CPU
		{5F0418DF-A8F1-4DCB-A522-B2AF66C8209A}.Release|x64.Build.0 = Release|Any CPU
		{5F0418DF-A8F1-4DCB-A522-B2AF66C8209A}.Release|x86.ActiveCfg = Release|Any CPU
		{5F0418DF-A8F1-4DCB-A522-B2AF66C8209A}.Release|x86.Build.0 = Release|Any CPU
		{A9A769A5-A185-40B9-95ED-76EB6E139EDC}.Debug|Any CPU.ActiveCfg = Debug|Any CPU
		{A9A769A5-A185-40B9-95ED-76EB6E139EDC}.Debug|Any CPU.Build.0 = Debug|Any CPU
		{A9A769A5-A185-40B9-95ED-76EB6E139EDC}.Debug|x64.ActiveCfg = Debug|Any CPU
		{A9A769A5-A185-40B9-95ED-76EB6E139EDC}.Debug|x64.Build.0 = Debug|Any CPU
		{A9A769A5-A185-40B9-95ED-76EB6E139EDC}.Debug|x86.ActiveCfg = Debug|Any CPU
		{A9A769A5-A185-40B9-95ED-76EB6E139EDC}.Debug|x86.Build.0 = Debug|Any CPU
		{A9A769A5-A185-40B9-95ED-76EB6E139EDC}.Release|Any CPU.ActiveCfg = Release|Any CPU
		{A9A769A5-A185-40B9-95ED-76EB6E139EDC}.Release|Any CPU.Build.0 = Release|Any CPU
		{A9A769A5-A185-40B9-95ED-76EB6E139EDC}.Release|x64.ActiveCfg = Release|Any CPU
		{A9A769A5-A185-40B9-95ED-76EB6E139EDC}.Release|x64.Build.0 = Release|Any CPU
		{A9A769A5-A185-40B9-95ED-76EB6E139EDC}.Release|x86.ActiveCfg = Release|Any CPU
		{A9A769A5-A185-40B9-95ED-76EB6E139EDC}.Release|x86.Build.0 = Release|Any CPU
		{788701C9-0FE6-41BD-9DFE-FC7477EE61CF}.Debug|Any CPU.ActiveCfg = Debug|Any CPU
		{788701C9-0FE6-41BD-9DFE-FC7477EE61CF}.Debug|Any CPU.Build.0 = Debug|Any CPU
		{788701C9-0FE6-41BD-9DFE-FC7477EE61CF}.Debug|x64.ActiveCfg = Debug|Any CPU
		{788701C9-0FE6-41BD-9DFE-FC7477EE61CF}.Debug|x64.Build.0 = Debug|Any CPU
		{788701C9-0FE6-41BD-9DFE-FC7477EE61CF}.Debug|x86.ActiveCfg = Debug|Any CPU
		{788701C9-0FE6-41BD-9DFE-FC7477EE61CF}.Debug|x86.Build.0 = Debug|Any CPU
		{788701C9-0FE6-41BD-9DFE-FC7477EE61CF}.Release|Any CPU.ActiveCfg = Release|Any CPU
		{788701C9-0FE6-41BD-9DFE-FC7477EE61CF}.Release|Any CPU.Build.0 = Release|Any CPU
		{788701C9-0FE6-41BD-9DFE-FC7477EE61CF}.Release|x64.ActiveCfg = Release|Any CPU
		{788701C9-0FE6-41BD-9DFE-FC7477EE61CF}.Release|x64.Build.0 = Release|Any CPU
		{788701C9-0FE6-41BD-9DFE-FC7477EE61CF}.Release|x86.ActiveCfg = Release|Any CPU
		{788701C9-0FE6-41BD-9DFE-FC7477EE61CF}.Release|x86.Build.0 = Release|Any CPU
	EndGlobalSection
	GlobalSection(SolutionProperties) = preSolution
		HideSolutionNode = FALSE
	EndGlobalSection
EndGlobal
